// !$*UTF8*$!
{
	archiveVersion = 1;
	classes = {
	};
	objectVersion = 55;
	objects = {

/* Begin PBXBuildFile section */
		E11E781428006E2A00D594D9 /* SearchBarView.swift in Sources */ = {isa = PBXBuildFile; fileRef = E11E781328006E2A00D594D9 /* SearchBarView.swift */; };
		E11E7816280077BD00D594D9 /* CLLocation.swift in Sources */ = {isa = PBXBuildFile; fileRef = E11E7815280077BD00D594D9 /* CLLocation.swift */; };
		E11E781828007BA600D594D9 /* PreviewProvider.swift in Sources */ = {isa = PBXBuildFile; fileRef = E11E781728007BA600D594D9 /* PreviewProvider.swift */; };
		E123D18327FCA30D009DA9B2 /* MapViewModel.swift in Sources */ = {isa = PBXBuildFile; fileRef = E123D18227FCA30D009DA9B2 /* MapViewModel.swift */; };
		E123D18527FCAB71009DA9B2 /* HomeView.swift in Sources */ = {isa = PBXBuildFile; fileRef = E123D18427FCAB71009DA9B2 /* HomeView.swift */; };
		E13AA8F727FDDFC800EDADDE /* SearchBar.swift in Sources */ = {isa = PBXBuildFile; fileRef = E13AA8F627FDDFC800EDADDE /* SearchBar.swift */; };
		E13AA8F927FDE30100EDADDE /* SearchModel.swift in Sources */ = {isa = PBXBuildFile; fileRef = E13AA8F827FDE30100EDADDE /* SearchModel.swift */; };
		E195E28127F8D0FB00380F43 /* WeatherApp.swift in Sources */ = {isa = PBXBuildFile; fileRef = E195E28027F8D0FB00380F43 /* WeatherApp.swift */; };
		E195E28527F8D0FC00380F43 /* Assets.xcassets in Resources */ = {isa = PBXBuildFile; fileRef = E195E28427F8D0FC00380F43 /* Assets.xcassets */; };
		E195E28827F8D0FC00380F43 /* Preview Assets.xcassets in Resources */ = {isa = PBXBuildFile; fileRef = E195E28727F8D0FC00380F43 /* Preview Assets.xcassets */; };
		E195E29127F8D2A900380F43 /* Color.swift in Sources */ = {isa = PBXBuildFile; fileRef = E195E29027F8D2A900380F43 /* Color.swift */; };
		E195E29327F8D31900380F43 /* LaunchShape.swift in Sources */ = {isa = PBXBuildFile; fileRef = E195E29227F8D31900380F43 /* LaunchShape.swift */; };
		E195E29527F8D33800380F43 /* LaunchScreen.swift in Sources */ = {isa = PBXBuildFile; fileRef = E195E29427F8D33800380F43 /* LaunchScreen.swift */; };
		E1D7246527FDD79C00CBA26B /* NetworkingManager.swift in Sources */ = {isa = PBXBuildFile; fileRef = E1D7246427FDD79C00CBA26B /* NetworkingManager.swift */; };
/* End PBXBuildFile section */

/* Begin PBXFileReference section */
		E11E781328006E2A00D594D9 /* SearchBarView.swift */ = {isa = PBXFileReference; lastKnownFileType = sourcecode.swift; path = SearchBarView.swift; sourceTree = "<group>"; };
		E11E7815280077BD00D594D9 /* CLLocation.swift */ = {isa = PBXFileReference; lastKnownFileType = sourcecode.swift; path = CLLocation.swift; sourceTree = "<group>"; };
		E11E781728007BA600D594D9 /* PreviewProvider.swift */ = {isa = PBXFileReference; lastKnownFileType = sourcecode.swift; path = PreviewProvider.swift; sourceTree = "<group>"; };
		E123D18227FCA30D009DA9B2 /* MapViewModel.swift */ = {isa = PBXFileReference; lastKnownFileType = sourcecode.swift; path = MapViewModel.swift; sourceTree = "<group>"; };
		E123D18427FCAB71009DA9B2 /* HomeView.swift */ = {isa = PBXFileReference; lastKnownFileType = sourcecode.swift; path = HomeView.swift; sourceTree = "<group>"; };
		E13AA8F627FDDFC800EDADDE /* SearchBar.swift */ = {isa = PBXFileReference; lastKnownFileType = sourcecode.swift; path = SearchBar.swift; sourceTree = "<group>"; };
		E13AA8F827FDE30100EDADDE /* SearchModel.swift */ = {isa = PBXFileReference; lastKnownFileType = sourcecode.swift; path = SearchModel.swift; sourceTree = "<group>"; };
		E195E27D27F8D0FB00380F43 /* Weather.app */ = {isa = PBXFileReference; explicitFileType = wrapper.application; includeInIndex = 0; path = Weather.app; sourceTree = BUILT_PRODUCTS_DIR; };
		E195E28027F8D0FB00380F43 /* WeatherApp.swift */ = {isa = PBXFileReference; lastKnownFileType = sourcecode.swift; path = WeatherApp.swift; sourceTree = "<group>"; };
		E195E28427F8D0FC00380F43 /* Assets.xcassets */ = {isa = PBXFileReference; lastKnownFileType = folder.assetcatalog; path = Assets.xcassets; sourceTree = "<group>"; };
		E195E28727F8D0FC00380F43 /* Preview Assets.xcassets */ = {isa = PBXFileReference; lastKnownFileType = folder.assetcatalog; path = "Preview Assets.xcassets"; sourceTree = "<group>"; };
		E195E29027F8D2A900380F43 /* Color.swift */ = {isa = PBXFileReference; lastKnownFileType = sourcecode.swift; path = Color.swift; sourceTree = "<group>"; };
		E195E29227F8D31900380F43 /* LaunchShape.swift */ = {isa = PBXFileReference; lastKnownFileType = sourcecode.swift; path = LaunchShape.swift; sourceTree = "<group>"; };
		E195E29427F8D33800380F43 /* LaunchScreen.swift */ = {isa = PBXFileReference; lastKnownFileType = sourcecode.swift; path = LaunchScreen.swift; sourceTree = "<group>"; };
		E195E29827F8D40900380F43 /* Info.plist */ = {isa = PBXFileReference; lastKnownFileType = text.plist; path = Info.plist; sourceTree = "<group>"; };
		E1D7246427FDD79C00CBA26B /* NetworkingManager.swift */ = {isa = PBXFileReference; lastKnownFileType = sourcecode.swift; path = NetworkingManager.swift; sourceTree = "<group>"; };
/* End PBXFileReference section */

/* Begin PBXFrameworksBuildPhase section */
		E195E27A27F8D0FB00380F43 /* Frameworks */ = {
			isa = PBXFrameworksBuildPhase;
			buildActionMask = 2147483647;
			files = (
			);
			runOnlyForDeploymentPostprocessing = 0;
		};
/* End PBXFrameworksBuildPhase section */

/* Begin PBXGroup section */
		E11E781228006E0B00D594D9 /* SubViews */ = {
			isa = PBXGroup;
			children = (
				E11E781328006E2A00D594D9 /* SearchBarView.swift */,
			);
			path = SubViews;
			sourceTree = "<group>";
		};
		E123D17E27FC9350009DA9B2 /* Views */ = {
			isa = PBXGroup;
			children = (
				E11E781228006E0B00D594D9 /* SubViews */,
				E123D18427FCAB71009DA9B2 /* HomeView.swift */,
			);
			path = Views;
			sourceTree = "<group>";
		};
		E123D17F27FC935D009DA9B2 /* Models */ = {
			isa = PBXGroup;
			children = (
				E13AA8F827FDE30100EDADDE /* SearchModel.swift */,
			);
			path = Models;
			sourceTree = "<group>";
		};
		E123D18027FC9362009DA9B2 /* ViewModels */ = {
			isa = PBXGroup;
			children = (
				E123D18227FCA30D009DA9B2 /* MapViewModel.swift */,
			);
			path = ViewModels;
			sourceTree = "<group>";
		};
		E195E27427F8D0FB00380F43 = {
			isa = PBXGroup;
			children = (
				E195E27F27F8D0FB00380F43 /* Weather */,
				E195E27E27F8D0FB00380F43 /* Products */,
			);
			sourceTree = "<group>";
		};
		E195E27E27F8D0FB00380F43 /* Products */ = {
			isa = PBXGroup;
			children = (
				E195E27D27F8D0FB00380F43 /* Weather.app */,
			);
			name = Products;
			sourceTree = "<group>";
		};
		E195E27F27F8D0FB00380F43 /* Weather */ = {
			isa = PBXGroup;
			children = (
				E195E29827F8D40900380F43 /* Info.plist */,
				E195E28027F8D0FB00380F43 /* WeatherApp.swift */,
				E123D17F27FC935D009DA9B2 /* Models */,
				E123D17E27FC9350009DA9B2 /* Views */,
				E123D18027FC9362009DA9B2 /* ViewModels */,
				E1D7246327FDD75E00CBA26B /* Utilities */,
				E195E28F27F8D27D00380F43 /* Extensions */,
				E195E28E27F8D12300380F43 /* LaunchView */,
				E195E28427F8D0FC00380F43 /* Assets.xcassets */,
				E195E28627F8D0FC00380F43 /* Preview Content */,
			);
			path = Weather;
			sourceTree = "<group>";
		};
		E195E28627F8D0FC00380F43 /* Preview Content */ = {
			isa = PBXGroup;
			children = (
				E195E28727F8D0FC00380F43 /* Preview Assets.xcassets */,
			);
			path = "Preview Content";
			sourceTree = "<group>";
		};
		E195E28E27F8D12300380F43 /* LaunchView */ = {
			isa = PBXGroup;
			children = (
				E195E29227F8D31900380F43 /* LaunchShape.swift */,
				E195E29427F8D33800380F43 /* LaunchScreen.swift */,
			);
			path = LaunchView;
			sourceTree = "<group>";
		};
		E195E28F27F8D27D00380F43 /* Extensions */ = {
			isa = PBXGroup;
			children = (
				E195E29027F8D2A900380F43 /* Color.swift */,
				E11E781728007BA600D594D9 /* PreviewProvider.swift */,
				E11E7815280077BD00D594D9 /* CLLocation.swift */,
			);
			path = Extensions;
			sourceTree = "<group>";
		};
		E1D7246327FDD75E00CBA26B /* Utilities */ = {
			isa = PBXGroup;
			children = (
				E1D7246427FDD79C00CBA26B /* NetworkingManager.swift */,
				E13AA8F627FDDFC800EDADDE /* SearchBar.swift */,
			);
			path = Utilities;
			sourceTree = "<group>";
		};
/* End PBXGroup section */

/* Begin PBXNativeTarget section */
		E195E27C27F8D0FB00380F43 /* Weather */ = {
			isa = PBXNativeTarget;
			buildConfigurationList = E195E28B27F8D0FC00380F43 /* Build configuration list for PBXNativeTarget "Weather" */;
			buildPhases = (
				E195E27927F8D0FB00380F43 /* Sources */,
				E195E27A27F8D0FB00380F43 /* Frameworks */,
				E195E27B27F8D0FB00380F43 /* Resources */,
			);
			buildRules = (
			);
			dependencies = (
			);
			name = Weather;
			productName = Weather;
			productReference = E195E27D27F8D0FB00380F43 /* Weather.app */;
			productType = "com.apple.product-type.application";
		};
/* End PBXNativeTarget section */

/* Begin PBXProject section */
		E195E27527F8D0FB00380F43 /* Project object */ = {
			isa = PBXProject;
			attributes = {
				BuildIndependentTargetsInParallel = 1;
				LastSwiftUpdateCheck = 1310;
				LastUpgradeCheck = 1310;
				TargetAttributes = {
					E195E27C27F8D0FB00380F43 = {
						CreatedOnToolsVersion = 13.1;
					};
				};
			};
			buildConfigurationList = E195E27827F8D0FB00380F43 /* Build configuration list for PBXProject "Weather" */;
			compatibilityVersion = "Xcode 13.0";
			developmentRegion = en;
			hasScannedForEncodings = 0;
			knownRegions = (
				en,
				Base,
			);
			mainGroup = E195E27427F8D0FB00380F43;
			productRefGroup = E195E27E27F8D0FB00380F43 /* Products */;
			projectDirPath = "";
			projectRoot = "";
			targets = (
				E195E27C27F8D0FB00380F43 /* Weather */,
			);
		};
/* End PBXProject section */

/* Begin PBXResourcesBuildPhase section */
		E195E27B27F8D0FB00380F43 /* Resources */ = {
			isa = PBXResourcesBuildPhase;
			buildActionMask = 2147483647;
			files = (
				E195E28827F8D0FC00380F43 /* Preview Assets.xcassets in Resources */,
				E195E28527F8D0FC00380F43 /* Assets.xcassets in Resources */,
			);
			runOnlyForDeploymentPostprocessing = 0;
		};
/* End PBXResourcesBuildPhase section */

/* Begin PBXSourcesBuildPhase section */
		E195E27927F8D0FB00380F43 /* Sources */ = {
			isa = PBXSourcesBuildPhase;
			buildActionMask = 2147483647;
			files = (
				E195E29327F8D31900380F43 /* LaunchShape.swift in Sources */,
				E195E29527F8D33800380F43 /* LaunchScreen.swift in Sources */,
				E11E7816280077BD00D594D9 /* CLLocation.swift in Sources */,
				E13AA8F927FDE30100EDADDE /* SearchModel.swift in Sources */,
				E123D18327FCA30D009DA9B2 /* MapViewModel.swift in Sources */,
				E123D18527FCAB71009DA9B2 /* HomeView.swift in Sources */,
				E13AA8F727FDDFC800EDADDE /* SearchBar.swift in Sources */,
				E11E781428006E2A00D594D9 /* SearchBarView.swift in Sources */,
				E1D7246527FDD79C00CBA26B /* NetworkingManager.swift in Sources */,
				E195E28127F8D0FB00380F43 /* WeatherApp.swift in Sources */,
				E195E29127F8D2A900380F43 /* Color.swift in Sources */,
				E11E781828007BA600D594D9 /* PreviewProvider.swift in Sources */,
			);
			runOnlyForDeploymentPostprocessing = 0;
		};
/* End PBXSourcesBuildPhase section */

/* Begin XCBuildConfiguration section */
		E195E28927F8D0FC00380F43 /* Debug */ = {
			isa = XCBuildConfiguration;
			buildSettings = {
				ALWAYS_SEARCH_USER_PATHS = NO;
				CLANG_ANALYZER_NONNULL = YES;
				CLANG_ANALYZER_NUMBER_OBJECT_CONVERSION = YES_AGGRESSIVE;
				CLANG_CXX_LANGUAGE_STANDARD = "gnu++17";
				CLANG_CXX_LIBRARY = "libc++";
				CLANG_ENABLE_MODULES = YES;
				CLANG_ENABLE_OBJC_ARC = YES;
				CLANG_ENABLE_OBJC_WEAK = YES;
				CLANG_WARN_BLOCK_CAPTURE_AUTORELEASING = YES;
				CLANG_WARN_BOOL_CONVERSION = YES;
				CLANG_WARN_COMMA = YES;
				CLANG_WARN_CONSTANT_CONVERSION = YES;
				CLANG_WARN_DEPRECATED_OBJC_IMPLEMENTATIONS = YES;
				CLANG_WARN_DIRECT_OBJC_ISA_USAGE = YES_ERROR;
				CLANG_WARN_DOCUMENTATION_COMMENTS = YES;
				CLANG_WARN_EMPTY_BODY = YES;
				CLANG_WARN_ENUM_CONVERSION = YES;
				CLANG_WARN_INFINITE_RECURSION = YES;
				CLANG_WARN_INT_CONVERSION = YES;
				CLANG_WARN_NON_LITERAL_NULL_CONVERSION = YES;
				CLANG_WARN_OBJC_IMPLICIT_RETAIN_SELF = YES;
				CLANG_WARN_OBJC_LITERAL_CONVERSION = YES;
				CLANG_WARN_OBJC_ROOT_CLASS = YES_ERROR;
				CLANG_WARN_QUOTED_INCLUDE_IN_FRAMEWORK_HEADER = YES;
				CLANG_WARN_RANGE_LOOP_ANALYSIS = YES;
				CLANG_WARN_STRICT_PROTOTYPES = YES;
				CLANG_WARN_SUSPICIOUS_MOVE = YES;
				CLANG_WARN_UNGUARDED_AVAILABILITY = YES_AGGRESSIVE;
				CLANG_WARN_UNREACHABLE_CODE = YES;
				CLANG_WARN__DUPLICATE_METHOD_MATCH = YES;
				COPY_PHASE_STRIP = NO;
				DEBUG_INFORMATION_FORMAT = dwarf;
				ENABLE_STRICT_OBJC_MSGSEND = YES;
				ENABLE_TESTABILITY = YES;
				GCC_C_LANGUAGE_STANDARD = gnu11;
				GCC_DYNAMIC_NO_PIC = NO;
				GCC_NO_COMMON_BLOCKS = YES;
				GCC_OPTIMIZATION_LEVEL = 0;
				GCC_PREPROCESSOR_DEFINITIONS = (
					"DEBUG=1",
					"$(inherited)",
				);
				GCC_WARN_64_TO_32_BIT_CONVERSION = YES;
				GCC_WARN_ABOUT_RETURN_TYPE = YES_ERROR;
				GCC_WARN_UNDECLARED_SELECTOR = YES;
				GCC_WARN_UNINITIALIZED_AUTOS = YES_AGGRESSIVE;
				GCC_WARN_UNUSED_FUNCTION = YES;
				GCC_WARN_UNUSED_VARIABLE = YES;
				IPHONEOS_DEPLOYMENT_TARGET = 15.0;
				MTL_ENABLE_DEBUG_INFO = INCLUDE_SOURCE;
				MTL_FAST_MATH = YES;
				ONLY_ACTIVE_ARCH = YES;
				SDKROOT = iphoneos;
				SWIFT_ACTIVE_COMPILATION_CONDITIONS = DEBUG;
				SWIFT_OPTIMIZATION_LEVEL = "-Onone";
			};
			name = Debug;
		};
		E195E28A27F8D0FC00380F43 /* Release */ = {
			isa = XCBuildConfiguration;
			buildSettings = {
				ALWAYS_SEARCH_USER_PATHS = NO;
				CLANG_ANALYZER_NONNULL = YES;
				CLANG_ANALYZER_NUMBER_OBJECT_CONVERSION = YES_AGGRESSIVE;
				CLANG_CXX_LANGUAGE_STANDARD = "gnu++17";
				CLANG_CXX_LIBRARY = "libc++";
				CLANG_ENABLE_MODULES = YES;
				CLANG_ENABLE_OBJC_ARC = YES;
				CLANG_ENABLE_OBJC_WEAK = YES;
				CLANG_WARN_BLOCK_CAPTURE_AUTORELEASING = YES;
				CLANG_WARN_BOOL_CONVERSION = YES;
				CLANG_WARN_COMMA = YES;
				CLANG_WARN_CONSTANT_CONVERSION = YES;
				CLANG_WARN_DEPRECATED_OBJC_IMPLEMENTATIONS = YES;
				CLANG_WARN_DIRECT_OBJC_ISA_USAGE = YES_ERROR;
				CLANG_WARN_DOCUMENTATION_COMMENTS = YES;
				CLANG_WARN_EMPTY_BODY = YES;
				CLANG_WARN_ENUM_CONVERSION = YES;
				CLANG_WARN_INFINITE_RECURSION = YES;
				CLANG_WARN_INT_CONVERSION = YES;
				CLANG_WARN_NON_LITERAL_NULL_CONVERSION = YES;
				CLANG_WARN_OBJC_IMPLICIT_RETAIN_SELF = YES;
				CLANG_WARN_OBJC_LITERAL_CONVERSION = YES;
				CLANG_WARN_OBJC_ROOT_CLASS = YES_ERROR;
				CLANG_WARN_QUOTED_INCLUDE_IN_FRAMEWORK_HEADER = YES;
				CLANG_WARN_RANGE_LOOP_ANALYSIS = YES;
				CLANG_WARN_STRICT_PROTOTYPES = YES;
				CLANG_WARN_SUSPICIOUS_MOVE = YES;
				CLANG_WARN_UNGUARDED_AVAILABILITY = YES_AGGRESSIVE;
				CLANG_WARN_UNREACHABLE_CODE = YES;
				CLANG_WARN__DUPLICATE_METHOD_MATCH = YES;
				COPY_PHASE_STRIP = NO;
				DEBUG_INFORMATION_FORMAT = "dwarf-with-dsym";
				ENABLE_NS_ASSERTIONS = NO;
				ENABLE_STRICT_OBJC_MSGSEND = YES;
				GCC_C_LANGUAGE_STANDARD = gnu11;
				GCC_NO_COMMON_BLOCKS = YES;
				GCC_WARN_64_TO_32_BIT_CONVERSION = YES;
				GCC_WARN_ABOUT_RETURN_TYPE = YES_ERROR;
				GCC_WARN_UNDECLARED_SELECTOR = YES;
				GCC_WARN_UNINITIALIZED_AUTOS = YES_AGGRESSIVE;
				GCC_WARN_UNUSED_FUNCTION = YES;
				GCC_WARN_UNUSED_VARIABLE = YES;
				IPHONEOS_DEPLOYMENT_TARGET = 15.0;
				MTL_ENABLE_DEBUG_INFO = NO;
				MTL_FAST_MATH = YES;
				SDKROOT = iphoneos;
				SWIFT_COMPILATION_MODE = wholemodule;
				SWIFT_OPTIMIZATION_LEVEL = "-O";
				VALIDATE_PRODUCT = YES;
			};
			name = Release;
		};
		E195E28C27F8D0FC00380F43 /* Debug */ = {
			isa = XCBuildConfiguration;
			buildSettings = {
				ASSETCATALOG_COMPILER_APPICON_NAME = AppIcon;
				ASSETCATALOG_COMPILER_GLOBAL_ACCENT_COLOR_NAME = AccentColor;
				CODE_SIGN_STYLE = Automatic;
				CURRENT_PROJECT_VERSION = 1;
				DEVELOPMENT_ASSET_PATHS = "\"Weather/Preview Content\"";
				DEVELOPMENT_TEAM = 52JF2UH4YM;
				ENABLE_PREVIEWS = YES;
				GENERATE_INFOPLIST_FILE = YES;
				INFOPLIST_FILE = Weather/Info.plist;
				INFOPLIST_KEY_NSLocationWhenInUseUsageDescription = "Please allow us your location to know delivery address.";
				INFOPLIST_KEY_UIApplicationSceneManifest_Generation = YES;
				INFOPLIST_KEY_UIApplicationSupportsIndirectInputEvents = YES;
				INFOPLIST_KEY_UISupportedInterfaceOrientations_iPad = "UIInterfaceOrientationPortrait UIInterfaceOrientationPortraitUpsideDown UIInterfaceOrientationLandscapeLeft UIInterfaceOrientationLandscapeRight";
				INFOPLIST_KEY_UISupportedInterfaceOrientations_iPhone = "UIInterfaceOrientationPortrait UIInterfaceOrientationLandscapeLeft UIInterfaceOrientationLandscapeRight";
				LD_RUNPATH_SEARCH_PATHS = (
					"$(inherited)",
					"@executable_path/Frameworks",
				);
				MARKETING_VERSION = 1.0;
				PRODUCT_BUNDLE_IDENTIFIER = com.Krider.Weather;
				PRODUCT_NAME = "$(TARGET_NAME)";
				SWIFT_EMIT_LOC_STRINGS = YES;
				SWIFT_VERSION = 5.0;
				TARGETED_DEVICE_FAMILY = "1,2";
			};
			name = Debug;
		};
		E195E28D27F8D0FC00380F43 /* Release */ = {
			isa = XCBuildConfiguration;
			buildSettings = {
				ASSETCATALOG_COMPILER_APPICON_NAME = AppIcon;
				ASSETCATALOG_COMPILER_GLOBAL_ACCENT_COLOR_NAME = AccentColor;
				CODE_SIGN_STYLE = Automatic;
				CURRENT_PROJECT_VERSION = 1;
				DEVELOPMENT_ASSET_PATHS = "\"Weather/Preview Content\"";
				DEVELOPMENT_TEAM = 52JF2UH4YM;
				ENABLE_PREVIEWS = YES;
				GENERATE_INFOPLIST_FILE = YES;
				INFOPLIST_FILE = Weather/Info.plist;
				INFOPLIST_KEY_NSLocationWhenInUseUsageDescription = "Please allow us your location to know delivery address.";
				INFOPLIST_KEY_UIApplicationSceneManifest_Generation = YES;
				INFOPLIST_KEY_UIApplicationSupportsIndirectInputEvents = YES;
				INFOPLIST_KEY_UISupportedInterfaceOrientations_iPad = "UIInterfaceOrientationPortrait UIInterfaceOrientationPortraitUpsideDown UIInterfaceOrientationLandscapeLeft UIInterfaceOrientationLandscapeRight";
				INFOPLIST_KEY_UISupportedInterfaceOrientations_iPhone = "UIInterfaceOrientationPortrait UIInterfaceOrientationLandscapeLeft UIInterfaceOrientationLandscapeRight";
				LD_RUNPATH_SEARCH_PATHS = (
					"$(inherited)",
					"@executable_path/Frameworks",
				);
				MARKETING_VERSION = 1.0;
				PRODUCT_BUNDLE_IDENTIFIER = com.Krider.Weather;
				PRODUCT_NAME = "$(TARGET_NAME)";
				SWIFT_EMIT_LOC_STRINGS = YES;
				SWIFT_VERSION = 5.0;
				TARGETED_DEVICE_FAMILY = "1,2";
			};
			name = Release;
		};
/* End XCBuildConfiguration section */

/* Begin XCConfigurationList section */
		E195E27827F8D0FB00380F43 /* Build configuration list for PBXProject "Weather" */ = {
			isa = XCConfigurationList;
			buildConfigurations = (
				E195E28927F8D0FC00380F43 /* Debug */,
				E195E28A27F8D0FC00380F43 /* Release */,
			);
			defaultConfigurationIsVisible = 0;
			defaultConfigurationName = Release;
		};
		E195E28B27F8D0FC00380F43 /* Build configuration list for PBXNativeTarget "Weather" */ = {
			isa = XCConfigurationList;
			buildConfigurations = (
				E195E28C27F8D0FC00380F43 /* Debug */,
				E195E28D27F8D0FC00380F43 /* Release */,
			);
			defaultConfigurationIsVisible = 0;
			defaultConfigurationName = Release;
		};
/* End XCConfigurationList section */
	};
	rootObject = E195E27527F8D0FB00380F43 /* Project object */;
}
